
Microsoft Visual Studio Solution File, Format Version 12.00
# Visual Studio 15
VisualStudioVersion = 15.0.28307.1433
MinimumVisualStudioVersion = 10.0.40219.1
Project("{FAE04EC0-301F-11D3-BF4B-00C04F79EFBC}") = "BMP_images", "BMP_images\BMP_images.csproj", "{FF028709-149E-4394-9B7F-2E14E42C1BCB}"
EndProject
Global
	GlobalSection(SolutionConfigurationPlatforms) = preSolution
		Debug|Any CPU = Debug|Any CPU
		Release|Any CPU = Release|Any CPU
	EndGlobalSection
	GlobalSection(ProjectConfigurationPlatforms) = postSolution
		{FF028709-149E-4394-9B7F-2E14E42C1BCB}.Debug|Any CPU.ActiveCfg = Debug|Any CPU
		{FF028709-149E-4394-9B7F-2E14E42C1BCB}.Debug|Any CPU.Build.0 = Debug|Any CPU
		{FF028709-149E-4394-9B7F-2E14E42C1BCB}.Release|Any CPU.ActiveCfg = Release|Any CPU
		{FF028709-149E-4394-9B7F-2E14E42C1BCB}.Release|Any CPU.Build.0 = Release|Any CPU
	EndGlobalSection
	GlobalSection(SolutionProperties) = preSolution
		HideSolutionNode = FALSE
	EndGlobalSection
	GlobalSection(ExtensibilityGlobals) = postSolution
		SolutionGuid = {667225C2-C616-4F78-9A3E-D25D345B8F04}
	EndGlobalSection
EndGlobal
